{
  "object": {
    "pins": [
      {
        "package": "Alamofire",
        "repositoryURL": "https://github.com/Alamofire/Alamofire.git",
        "state": {
          "branch": null,
          "revision": "59037bfd28aa963a7916f1eb22a74107a3522f16",
          "version": "5.0.5"
        }
      },
      {
        "package": "Lottie",
        "repositoryURL": "https://github.com/airbnb/lottie-ios.git",
        "state": {
          "branch": "master",
          "revision": "934954c378fbd49f3798931cd314740ff3176972",
          "version": null
        }
      }
    ]
  },
  "version": 1
}
